{
  "name": "fp-ts-async-example",
  "version": "1.0.0",
  "lockfileVersion": 3,
  "requires": true,
  "packages": {
    "": {
      "version": "1.0.0",
      "license": "ISC",
      "dependencies": {
        "@types/node": "^12.6.8",
        "fp-ts": "^2.0.3",
        "js-yaml": "^4.3.1",
        "typescript": "^3.5.3"
      }
    },
    "node_modules/@types/node": {
      "version": "12.6.8",
      "resolved": "https://registry.npmjs.org/@types/node/-/node-12.6.8.tgz",
      "integrity": "sha512-aX+gFgA5GHcDi89KG5keey2zf0WfZk/HAQotEamsK2kbey+8yGKcson0hbK8E+v0NArlCJQCqMP161YhV6ZXLg=="
    },
    "node_modules/argparse": {
      "version": "2.0.1",
      "resolved": "https://registry.npmjs.org/argparse/-/argparse-2.0.1.tgz",
      "integrity": "sha512-8+9WqebbFzpX9OR+Wa6O29asIogeRMzcGtAINdpMHHyAg10f05aSFVBbcEqGf/PXw1EjAZ+q2/bEBg3DvurK3Q==",
      "license": "Python-2.0"
    },
    "node_modules/fp-ts": {
      "version": "2.0.3",
      "resolved": "https://registry.npmjs.org/fp-ts/-/fp-ts-2.0.3.tgz",
      "integrity": "sha512-b/WPo5AVPDYbdye/AGOMST/tqudtgbpMjm3TJGkd36ROihD67UEKFeUH83V3iSdrIG4wwoFsd6lLpjtpek1oVw=="
    },
    "node_modules/js-yaml": {
      "version": "4.3.1",
      "resolved": "https://registry.npmjs.org/js-yaml/-/js-yaml-4.3.1.tgz",
      "integrity": "sha512-CY6crGq313MX8GkwvB7tzgp99vjQxY1++5y10/BKN/GUfHqWaOGQMNZkBvqSzsZKWk/ijwHlWzzkLulsGHhjWQ==",
      "funding": [
        {
          "type": "github",
          "url": "https://github.com/sponsors/puzrin"
        },
        {
          "type": "github",
          "url": "https://github.com/sponsors/nodeca"
        }
      ],
      "license": "MIT",
      "dependencies": {
        "argparse": "^2.0.1"
      },
      "bin": {
        "js-yaml": "bin/js-yaml.js"
      }
    },
    "node_modules/typescript": {
      "version": "3.5.3",
      "resolved": "https://registry.npmjs.org/typescript/-/typescript-3.5.3.tgz",
      "integrity": "sha512-ACzBtm/PhXBDId6a6sDJfroT2pOWt/oOnk4/dElG5G33ZL776N3Y6/6bKZJBFpd+b05F3Ct9qDjMeJmRWtE2/g==",
      "bin": {
        "tsc": "bin/tsc",
        "tsserver": "bin/tsserver"
      },
      "engines": {
        "node": ">=4.2.0"
      }
    }
  }
}
